# This is a Gradle generated file for dependency locking.
# Manual edits can break the build and are not advised.
# This file is expected to be part of source control.
ch.qos.logback:logback-classic:1.4.14=compileClasspath,runtimeClasspath,testCompileClasspath,testRuntimeClasspath
ch.qos.logback:logback-core:1.4.14=compileClasspath,runtimeClasspath,testCompileClasspath,testRuntimeClasspath
club.minnced:opus-java-api:1.1.1=runtimeClasspath,testRuntimeClasspath
club.minnced:opus-java-natives:1.1.1=runtimeClasspath,testRuntimeClasspath
club.minnced:opus-java:1.1.1=runtimeClasspath,testRuntimeClasspath
com.aayushatharva.brotli4j:brotli4j:1.13.0=compileClasspath,runtimeClasspath,testCompileClasspath,testRuntimeClasspath
com.aayushatharva.brotli4j:native-linux-aarch64:1.13.0=compileClasspath,runtimeClasspath,testCompileClasspath,testRuntimeClasspath
com.aayushatharva.brotli4j:native-linux-x86_64:1.13.0=compileClasspath,runtimeClasspath,testCompileClasspath,testRuntimeClasspath
com.aayushatharva.brotli4j:native-osx-aarch64:1.13.0=compileClasspath,runtimeClasspath,testCompileClasspath,testRuntimeClasspath
com.aayushatharva.brotli4j:native-osx-x86_64:1.13.0=compileClasspath,runtimeClasspath,testCompileClasspath,testRuntimeClasspath
com.aayushatharva.brotli4j:native-windows-x86_64:1.13.0=compileClasspath,runtimeClasspath,testCompileClasspath,testRuntimeClasspath
com.aayushatharva.brotli4j:service:1.13.0=compileClasspath,runtimeClasspath,testCompileClasspath,testRuntimeClasspath
com.fasterxml.jackson.core:jackson-annotations:2.16.0=compileClasspath,testCompileClasspath
com.fasterxml.jackson.core:jackson-annotations:2.22=runtimeClasspath,testRuntimeClasspath
com.fasterxml.jackson.core:jackson-core:2.16.0=compileClasspath,testCompileClasspath
com.fasterxml.jackson.core:jackson-core:2.22.0=runtimeClasspath,testRuntimeClasspath
com.fasterxml.jackson.core:jackson-databind:2.16.0=compileClasspath,testCompileClasspath
com.fasterxml.jackson.core:jackson-databind:2.22.0=runtimeClasspath,testRuntimeClasspath
com.fasterxml.jackson:jackson-bom:2.16.0=compileClasspath,testCompileClasspath
com.fasterxml.jackson:jackson-bom:2.22.0=runtimeClasspath,testRuntimeClasspath
com.github.ben-manes.caffeine:caffeine:3.1.8=compileClasspath,runtimeClasspath,testCompileClasspath,testRuntimeClasspath
com.github.scopt:scopt_2.13:3.7.1=compileClasspath,runtimeClasspath,testCompileClasspath,testRuntimeClasspath
com.google.code.findbugs:jsr305:3.0.2=runtimeClasspath,testRuntimeClasspath
com.google.code.gson:gson:2.11.0=runtimeClasspath,testRuntimeClasspath
com.google.crypto.tink:tink:1.18.0=runtimeClasspath,testRuntimeClasspath
com.google.errorprone:error_prone_annotations:2.21.1=compileClasspath,testCompileClasspath
com.google.errorprone:error_prone_annotations:2.27.0=runtimeClasspath,testRuntimeClasspath
com.google.protobuf:protobuf-java:4.28.2=runtimeClasspath,testRuntimeClasspath
com.neovisionaries:nv-websocket-client:2.14=runtimeClasspath,testRuntimeClasspath
com.softwaremill.quicklens:quicklens_2.13:1.9.6=compileClasspath,runtimeClasspath,testCompileClasspath,testRuntimeClasspath
com.squareup.okhttp3:okhttp-jvm:5.3.2=runtimeClasspath,testRuntimeClasspath
com.squareup.okhttp3:okhttp:4.12.0=compileClasspath,runtimeClasspath,testCompileClasspath,testRuntimeClasspath
com.squareup.okio:okio-jvm:3.16.4=runtimeClasspath,testRuntimeClasspath
com.squareup.okio:okio-jvm:3.6.0=compileClasspath,testCompileClasspath
com.squareup.okio:okio:3.16.4=runtimeClasspath,testRuntimeClasspath
com.squareup.okio:okio:3.6.0=compileClasspath,testCompileClasspath
com.typesafe.akka:akka-actor_2.13:2.6.20=compileClasspath,runtimeClasspath,testCompileClasspath,testRuntimeClasspath
com.typesafe.akka:akka-slf4j_2.13:2.6.20=compileClasspath,runtimeClasspath,testCompileClasspath,testRuntimeClasspath
com.typesafe.scala-logging:scala-logging_2.13:3.9.5=compileClasspath,runtimeClasspath,testCompileClasspath,testRuntimeClasspath
com.typesafe:config:1.4.3=compileClasspath,runtimeClasspath,testCompileClasspath,testRuntimeClasspath
io.burt:jmespath-core:0.6.0=compileClasspath,runtimeClasspath,testCompileClasspath,testRuntimeClasspath
io.burt:jmespath-jackson:0.6.0=compileClasspath,runtimeClasspath,testCompileClasspath,testRuntimeClasspath
io.gatling:gatling-commons:3.10.3=compileClasspath,runtimeClasspath,testCompileClasspath,testRuntimeClasspath
io.gatling:gatling-core:3.10.3=compileClasspath,runtimeClasspath,testCompileClasspath,testRuntimeClasspath
io.gatling:gatling-http-client:3.10.3=compileClasspath,runtimeClasspath,testCompileClasspath,testRuntimeClasspath
io.gatling:gatling-http:3.10.3=compileClasspath,runtimeClasspath,testCompileClasspath,testRuntimeClasspath
io.gatling:gatling-jsonpath:3.10.3=compileClasspath,runtimeClasspath,testCompileClasspath,testRuntimeClasspath
io.gatling:gatling-netty-util:3.10.3=compileClasspath,runtimeClasspath,testCompileClasspath,testRuntimeClasspath
io.gatling:gatling-shared-enterprise:3.10.3=compileClasspath,runtimeClasspath,testCompileClasspath,testRuntimeClasspath
io.gatling:gatling-shared-model_2.13:0.0.4=compileClasspath,runtimeClasspath,testCompileClasspath,testRuntimeClasspath
io.gatling:gatling-shared-util_2.13:0.0.5=compileClasspath,runtimeClasspath,testCompileClasspath,testRuntimeClasspath
io.github.metarank:cfor_2.13:0.3=compileClasspath,runtimeClasspath,testCompileClasspath,testRuntimeClasspath
io.netty.incubator:netty-incubator-transport-classes-io_uring:0.0.24.Final=compileClasspath,runtimeClasspath,testCompileClasspath,testRuntimeClasspath
io.netty.incubator:netty-incubator-transport-native-io_uring:0.0.24.Final=compileClasspath,runtimeClasspath,testCompileClasspath,testRuntimeClasspath
io.netty:netty-buffer:4.1.104.Final=compileClasspath,runtimeClasspath,testCompileClasspath,testRuntimeClasspath
io.netty:netty-codec-dns:4.1.104.Final=compileClasspath,runtimeClasspath,testCompileClasspath,testRuntimeClasspath
io.netty:netty-codec-http2:4.1.104.Final=compileClasspath,runtimeClasspath,testCompileClasspath,testRuntimeClasspath
io.netty:netty-codec-http:4.1.104.Final=compileClasspath,runtimeClasspath,testCompileClasspath,testRuntimeClasspath
io.netty:netty-codec-socks:4.1.104.Final=compileClasspath,runtimeClasspath,testCompileClasspath,testRuntimeClasspath
io.netty:netty-codec:4.1.104.Final=compileClasspath,runtimeClasspath,testCompileClasspath,testRuntimeClasspath
io.netty:netty-common:4.1.104.Final=compileClasspath,runtimeClasspath,testCompileClasspath,testRuntimeClasspath
io.netty:netty-handler-proxy:4.1.104.Final=compileClasspath,runtimeClasspath,testCompileClasspath,testRuntimeClasspath
io.netty:netty-handler:4.1.104.Final=compileClasspath,runtimeClasspath,testCompileClasspath,testRuntimeClasspath
io.netty:netty-resolver-dns-classes-macos:4.1.104.Final=compileClasspath,runtimeClasspath,testCompileClasspath,testRuntimeClasspath
io.netty:netty-resolver-dns-native-macos:4.1.104.Final=compileClasspath,runtimeClasspath,testCompileClasspath,testRuntimeClasspath
io.netty:netty-resolver-dns:4.1.104.Final=compileClasspath,runtimeClasspath,testCompileClasspath,testRuntimeClasspath
io.netty:netty-resolver:4.1.104.Final=compileClasspath,runtimeClasspath,testCompileClasspath,testRuntimeClasspath
io.netty:netty-tcnative-boringssl-static:2.0.62.Final=compileClasspath,runtimeClasspath,testCompileClasspath,testRuntimeClasspath
io.netty:netty-tcnative-classes:2.0.62.Final=compileClasspath,runtimeClasspath,testCompileClasspath,testRuntimeClasspath
io.netty:netty-transport-classes-epoll:4.1.104.Final=compileClasspath,runtimeClasspath,testCompileClasspath,testRuntimeClasspath
io.netty:netty-transport-native-epoll:4.1.104.Final=compileClasspath,runtimeClasspath,testCompileClasspath,testRuntimeClasspath
io.netty:netty-transport-native-unix-common:4.1.104.Final=compileClasspath,runtimeClasspath,testCompileClasspath,testRuntimeClasspath
io.netty:netty-transport:4.1.104.Final=compileClasspath,runtimeClasspath,testCompileClasspath,testRuntimeClasspath
io.pebbletemplates:pebble:3.2.2=compileClasspath,runtimeClasspath,testCompileClasspath,testRuntimeClasspath
io.suzaku:boopickle_2.13:1.3.3=compileClasspath,runtimeClasspath,testCompileClasspath,testRuntimeClasspath
net.dv8tion:JDA:6.4.2=runtimeClasspath,testRuntimeClasspath
net.java.dev.jna:jna:4.4.0=runtimeClasspath,testRuntimeClasspath
net.kyori:adventure-api:4.15.0=compileClasspath,testCompileClasspath
net.kyori:adventure-api:4.17.0=runtimeClasspath,testRuntimeClasspath
net.kyori:adventure-bom:4.15.0=compileClasspath,testCompileClasspath
net.kyori:adventure-bom:4.17.0=runtimeClasspath,testRuntimeClasspath
net.kyori:adventure-key:4.15.0=compileClasspath,testCompileClasspath
net.kyori:adventure-key:4.17.0=runtimeClasspath,testRuntimeClasspath
net.kyori:adventure-text-minimessage:4.17.0=runtimeClasspath,testRuntimeClasspath
net.kyori:adventure-text-serializer-plain:4.15.0=compileClasspath,testCompileClasspath
net.kyori:adventure-text-serializer-plain:4.17.0=runtimeClasspath,testRuntimeClasspath
net.kyori:examination-api:1.3.0=compileClasspath,runtimeClasspath,testCompileClasspath,testRuntimeClasspath
net.kyori:examination-string:1.3.0=compileClasspath,runtimeClasspath,testCompileClasspath,testRuntimeClasspath
net.sf.jopt-simple:jopt-simple:5.0.4=compileClasspath,runtimeClasspath,testCompileClasspath,testRuntimeClasspath
net.sf.saxon:Saxon-HE:10.6=compileClasspath,runtimeClasspath,testCompileClasspath,testRuntimeClasspath
net.sf.trove4j:core:3.1.0=runtimeClasspath,testRuntimeClasspath
org.apache.commons:commons-collections4:4.5.0=runtimeClasspath,testRuntimeClasspath
org.apache.commons:commons-math3:3.6.1=compileClasspath,runtimeClasspath,testCompileClasspath,testRuntimeClasspath
org.apiguardian:apiguardian-api:1.1.2=testCompileClasspath
org.checkerframework:checker-qual:3.37.0=compileClasspath,runtimeClasspath,testCompileClasspath,testRuntimeClasspath
org.jetbrains.kotlin:kotlin-stdlib-common:1.9.10=compileClasspath,testCompileClasspath
org.jetbrains.kotlin:kotlin-stdlib-jdk7:1.8.21=runtimeClasspath,testRuntimeClasspath
org.jetbrains.kotlin:kotlin-stdlib-jdk7:1.9.10=compileClasspath,testCompileClasspath
org.jetbrains.kotlin:kotlin-stdlib-jdk8:1.8.21=runtimeClasspath,testRuntimeClasspath
org.jetbrains.kotlin:kotlin-stdlib-jdk8:1.9.10=compileClasspath,testCompileClasspath
org.jetbrains.kotlin:kotlin-stdlib:1.9.10=compileClasspath,testCompileClasspath
org.jetbrains.kotlin:kotlin-stdlib:2.2.21=runtimeClasspath,testRuntimeClasspath
org.jetbrains:annotations:13.0=runtimeClasspath,testRuntimeClasspath
org.jetbrains:annotations:24.1.0=compileClasspath,testCompileClasspath
org.jodd:jodd-lagarto:6.0.6=compileClasspath,runtimeClasspath,testCompileClasspath,testRuntimeClasspath
org.jodd:jodd-util:6.2.2=compileClasspath,runtimeClasspath,testCompileClasspath,testRuntimeClasspath
org.json:json:20240303=runtimeClasspath,testRuntimeClasspath
org.junit.jupiter:junit-jupiter-api:5.10.2=testCompileClasspath,testRuntimeClasspath
org.junit.jupiter:junit-jupiter-engine:5.10.2=testRuntimeClasspath
org.junit.jupiter:junit-jupiter-params:5.10.2=testCompileClasspath,testRuntimeClasspath
org.junit.jupiter:junit-jupiter:5.10.2=testCompileClasspath,testRuntimeClasspath
org.junit.platform:junit-platform-commons:1.10.2=testCompileClasspath,testRuntimeClasspath
org.junit.platform:junit-platform-engine:1.10.2=testRuntimeClasspath
org.junit.platform:junit-platform-launcher:1.10.2=testRuntimeClasspath
org.junit:junit-bom:5.10.2=testCompileClasspath,testRuntimeClasspath
org.openjdk.jmh:jmh-core:1.37=compileClasspath,runtimeClasspath,testCompileClasspath,testRuntimeClasspath
org.openjdk.jmh:jmh-generator-annprocess:1.37=compileClasspath,runtimeClasspath,testCompileClasspath,testRuntimeClasspath
org.opentest4j:opentest4j:1.3.0=testCompileClasspath,testRuntimeClasspath
org.scala-lang.modules:scala-collection-compat_2.13:2.11.0=compileClasspath,runtimeClasspath,testCompileClasspath,testRuntimeClasspath
org.scala-lang.modules:scala-java8-compat_2.13:1.0.0=compileClasspath,runtimeClasspath,testCompileClasspath,testRuntimeClasspath
org.scala-lang.modules:scala-parser-combinators_2.13:2.3.0=compileClasspath,runtimeClasspath,testCompileClasspath,testRuntimeClasspath
org.scala-lang:scala-library:2.13.12=compileClasspath,runtimeClasspath,testCompileClasspath,testRuntimeClasspath
org.scala-lang:scala-reflect:2.13.10=compileClasspath,runtimeClasspath,testCompileClasspath,testRuntimeClasspath
org.simpleflatmapper:lightning-csv:8.2.3=compileClasspath,runtimeClasspath,testCompileClasspath,testRuntimeClasspath
org.simpleflatmapper:sfm-util:8.2.3=compileClasspath,runtimeClasspath,testCompileClasspath,testRuntimeClasspath
org.slf4j:slf4j-api:2.0.18=runtimeClasspath,testRuntimeClasspath
org.slf4j:slf4j-api:2.0.9=compileClasspath,testCompileClasspath
org.springframework:spring-core:6.1.12=runtimeClasspath,testRuntimeClasspath
org.springframework:spring-expression:6.1.12=runtimeClasspath,testRuntimeClasspath
org.springframework:spring-jcl:6.1.12=runtimeClasspath,testRuntimeClasspath
org.unbescape:unbescape:1.1.6.RELEASE=compileClasspath,runtimeClasspath,testCompileClasspath,testRuntimeClasspath
org.yaml:snakeyaml:2.2=runtimeClasspath,testRuntimeClasspath
empty=annotationProcessor,testAnnotationProcessor
